symfony 0ab776227a0d6586c9f1be379926acaa94f64a01
twig f43cc520d6abb3868d36a3011874afbf13166317
monolog b704c49a3051536f67f2d39f13568f74615b9922
doctrine-common b886898821288d305862ee9c567cc5b5cbb4c0dc
doctrine-dbal 148a049df448af9772259e69a034e51c0c080805
doctrine e1647229cd2544bd77f10620e1b95a5781c4a733
swiftmailer 982b4c9498b7dd85e70f6d35e65d909c888e6345
assetic 4aeef88b7908510d0bcbbde357f0adf470534ed8
twig-extensions 4c831657215e51568fcb31bb9142e827f9a69bd5
metadata 95bfbfbcbe573ff9ed5fd33fa39cdfe0da27220d
SensioFrameworkExtraBundle 638f545b7020b9e9d5944a7e3167f60ed848250d
JMSSecurityExtraBundle 3730eb131ecf7c8952af729f93db19ac4d98e1cd
JMSAopBundle 431569cae2005e42fe502a55165a7b1fb9593bf3
JMSDiExtraBundle 9c85f96329ff9a8f1050da187bc179eed4a5ea7c
SensioDistributionBundle 20b66a408084ad8752f98e50f10533f5245310bf
SensioGeneratorBundle 06d07e0514d310be8d5630bfd93637136991c30c
AsseticBundle 41b5913b5086a0909af92adcb4a6005ee0051b16
AdmingeneratorGeneratorBundle 52517f050f7121a0e7cb813ef35a826aecdde427
KnpMenuBundle c20933d2b988a3bd0944a0fd9e00068c30f0d27f
KnpMenu f7970583d4da8776c037e2d49878d8160361e373
TwigGenerator 5d0a63b8a55f02845b0eb20cfb338b161b25a582
PagerFanta c490684def33e992241e7fad33bcbd03d9d18643
WhiteOctoberPagerfantaBundle 40209ef994fa2f342660d96bf6bea3f88171cd2d
doctrine-fixtures aea0b95a554188892f10d8f09ce3ae8150f28f8b
DoctrineFixturesBundle 33b267d3068d6c2f8daa0b417285cf76e7f82fc4
DoctrineBundle dd3d35dd28e864fb908a70f8b206d1209aa2c333
cg 3aaa205ed3ae000950d3f641b00a19ad137a89f3
FOSUserBundle b706553b4f7784c56398088a0d050bd92dd6c4ac
AGUserBundle 97862e4d7f69011781fbcea374e9d82fe3ad6729