symfony 2d4fb8ad502a80af475c7232b5497571ed32a641
twig 30929fde86f5ee12c863a3b572b0457ce52c140b
monolog b704c49a3051536f67f2d39f13568f74615b9922
doctrine-common b886898821288d305862ee9c567cc5b5cbb4c0dc
doctrine-dbal 148a049df448af9772259e69a034e51c0c080805
doctrine e1647229cd2544bd77f10620e1b95a5781c4a733
swiftmailer 982b4c9498b7dd85e70f6d35e65d909c888e6345
assetic f829ad23d23c87480151a21faad49fefe7c09e5d
twig-extensions 1dfff8e793f50f651c4f74f796c2c68a4aee3147
metadata 7d97f1725063f04ef1894a86740b261daf229b89
SensioFrameworkExtraBundle 638f545b7020b9e9d5944a7e3167f60ed848250d
JMSSecurityExtraBundle e43b9a5b5456bb8dd5b07bed7f776a7c233e2091
JMSAopBundle 431569cae2005e42fe502a55165a7b1fb9593bf3
JMSDiExtraBundle 3321c5539ee89acd8e397e91faec1cb8b99158b4
SensioDistributionBundle 20b66a408084ad8752f98e50f10533f5245310bf
SensioGeneratorBundle 43c5c95e42e451ac7250d6a863f0540c7f266e1d
AsseticBundle 41b5913b5086a0909af92adcb4a6005ee0051b16
AdmingeneratorGeneratorBundle 83046c26768092b901375ed6531449b7c92c6379
KnpMenuBundle 462b7b40e5c17813a6d14929d7bca7d0511c7736
KnpMenu f818c58d89885c5eb1e305f5b7360588fd49fbab
TwigGenerator 9eb0d3f1897e45a5f6cdb519dcc1855803bb72bd
PagerFanta c490684def33e992241e7fad33bcbd03d9d18643
WhiteOctoberPagerfantaBundle 60d98f508010b0fab6a93bf079be39f4c9537f7c
doctrine-fixtures ffee818a6e3af526b774de11b690a36512fa6235
DoctrineFixturesBundle 0e4e56b1da7981bcc7729e0f301a75195d34df18
DoctrineBundle ff676b6147a83b695b0033b228e160d920612365
cg 13714f7ba832080e11f65c077c495439d68b62d1
FOSUserBundle a0e50724825fd73531a563f514168d8536b9187e
AGUserBundle 97862e4d7f69011781fbcea374e9d82fe3ad6729