symfony v2.0.13
twig  v1.7.0
monolog b704c49a3051536f67f2d39f13568f74615b9922
doctrine-common b886898821288d305862ee9c567cc5b5cbb4c0dc
doctrine-dbal 148a049df448af9772259e69a034e51c0c080805
doctrine e1647229cd2544bd77f10620e1b95a5781c4a733
swiftmailer v4.1.7
assetic 4aeef88b7908510d0bcbbde357f0adf470534ed8
twig-extensions 446d870272cd87a720e95242eade38a2acf56eaa
metadata 95bfbfbcbe573ff9ed5fd33fa39cdfe0da27220d
SensioFrameworkExtraBundle 638f545b7020b9e9d5944a7e3167f60ed848250d
JMSSecurityExtraBundle 3730eb131ecf7c8952af729f93db19ac4d98e1cd
JMSAopBundle 431569cae2005e42fe502a55165a7b1fb9593bf3
JMSDiExtraBundle 7409de80a7da2f1accd2efdcb615e74f42549270
SensioDistributionBundle 20b66a408084ad8752f98e50f10533f5245310bf
SensioGeneratorBundle 5f2ded5e5679f66c604f128d5650715bb81d7d7c
AsseticBundle 41b5913b5086a0909af92adcb4a6005ee0051b16
AdmingeneratorGeneratorBundle dfdf1ae83670ee18e966d816860a1e6cd7ed0fb4
KnpMenuBundle c20933d2b988a3bd0944a0fd9e00068c30f0d27f
KnpMenu ad10e1ec8f493bb29e28c02284f38c5afd4bfa07
TwigGenerator 5d0a63b8a55f02845b0eb20cfb338b161b25a582
PagerFanta c490684def33e992241e7fad33bcbd03d9d18643
WhiteOctoberPagerfantaBundle 40209ef994fa2f342660d96bf6bea3f88171cd2d
doctrine-fixtures 8fb90c55c0bfbf4e090adb8c0281f9a3c81735e7
DoctrineFixturesBundle 33b267d3068d6c2f8daa0b417285cf76e7f82fc4
DoctrineBundle 3daf1806759db6c2bef430f2307442be0e8ead1f
cg 3aaa205ed3ae000950d3f641b00a19ad137a89f3
FOSUserBundle 2c1cf4d939600b44b0fe6b5b19e4c5813cc1786d
AGUserBundle 97862e4d7f69011781fbcea374e9d82fe3ad6729